// !$*UTF8*$!
{
	archiveVersion = 1;
	classes = {
	};
	objectVersion = 55;
	objects = {

/* Begin PBXBuildFile section */
		0F3BD63728A5075200644EA2 /* PopularViewController.swift in Sources */ = {isa = PBXBuildFile; fileRef = 0F3BD63628A5075200644EA2 /* PopularViewController.swift */; };
		0F969C6D28A5DAD400F4589A /* FilmInfoViewController.swift in Sources */ = {isa = PBXBuildFile; fileRef = 0F969C6C28A5DAD400F4589A /* FilmInfoViewController.swift */; };
		0FADA75428A1EA9000AA2544 /* PopularCollectionViewCell.swift in Sources */ = {isa = PBXBuildFile; fileRef = 0FADA75328A1EA9000AA2544 /* PopularCollectionViewCell.swift */; };
		0FADA75628A1F37100AA2544 /* TopRatedCollectionViewCell.swift in Sources */ = {isa = PBXBuildFile; fileRef = 0FADA75528A1F37100AA2544 /* TopRatedCollectionViewCell.swift */; };
		0FADA75828A1F4C300AA2544 /* UpcomingCollectionViewCell.swift in Sources */ = {isa = PBXBuildFile; fileRef = 0FADA75728A1F4C300AA2544 /* UpcomingCollectionViewCell.swift */; };
		0FADA75A28A24E0E00AA2544 /* ListMovieLoader.swift in Sources */ = {isa = PBXBuildFile; fileRef = 0FADA75928A24E0E00AA2544 /* ListMovieLoader.swift */; };
		0FADA75C28A24E5100AA2544 /* PopularListMovieLoader.swift in Sources */ = {isa = PBXBuildFile; fileRef = 0FADA75B28A24E5100AA2544 /* PopularListMovieLoader.swift */; };
		0FB9258A28AF17CB00B24A11 /* FilmInfoCell.swift in Sources */ = {isa = PBXBuildFile; fileRef = 0FB9258928AF17CB00B24A11 /* FilmInfoCell.swift */; };
		0FB9258C28AF24D300B24A11 /* InfoLoad.swift in Sources */ = {isa = PBXBuildFile; fileRef = 0FB9258B28AF24D300B24A11 /* InfoLoad.swift */; };
		0FE02BCA28A1D9490044C69B /* AppDelegate.swift in Sources */ = {isa = PBXBuildFile; fileRef = 0FE02BC928A1D9490044C69B /* AppDelegate.swift */; };
		0FE02BCE28A1D9490044C69B /* ViewController.swift in Sources */ = {isa = PBXBuildFile; fileRef = 0FE02BCD28A1D9490044C69B /* ViewController.swift */; };
		0FE02BD328A1D94B0044C69B /* Assets.xcassets in Resources */ = {isa = PBXBuildFile; fileRef = 0FE02BD228A1D94B0044C69B /* Assets.xcassets */; };
		0FE02BD628A1D94B0044C69B /* LaunchScreen.storyboard in Resources */ = {isa = PBXBuildFile; fileRef = 0FE02BD428A1D94B0044C69B /* LaunchScreen.storyboard */; };
		0FE02BE128A1D94B0044C69B /* MovieAPITests.swift in Sources */ = {isa = PBXBuildFile; fileRef = 0FE02BE028A1D94B0044C69B /* MovieAPITests.swift */; };
		0FE02BEB28A1D94C0044C69B /* MovieAPIUITests.swift in Sources */ = {isa = PBXBuildFile; fileRef = 0FE02BEA28A1D94C0044C69B /* MovieAPIUITests.swift */; };
		0FE02BED28A1D94C0044C69B /* MovieAPIUITestsLaunchTests.swift in Sources */ = {isa = PBXBuildFile; fileRef = 0FE02BEC28A1D94C0044C69B /* MovieAPIUITestsLaunchTests.swift */; };
		0FE02BFD28A1DD330044C69B /* TopRatedViewController.swift in Sources */ = {isa = PBXBuildFile; fileRef = 0FE02BFC28A1DD330044C69B /* TopRatedViewController.swift */; };
		0FE02BFF28A1DD5D0044C69B /* UpcomingViewController.swift in Sources */ = {isa = PBXBuildFile; fileRef = 0FE02BFE28A1DD5D0044C69B /* UpcomingViewController.swift */; };
		0FE02C0128A1DD8A0044C69B /* HomeViewController.swift in Sources */ = {isa = PBXBuildFile; fileRef = 0FE02C0028A1DD8A0044C69B /* HomeViewController.swift */; };
		0FE02C0328A1DDB10044C69B /* ProfileViewController.swift in Sources */ = {isa = PBXBuildFile; fileRef = 0FE02C0228A1DDB10044C69B /* ProfileViewController.swift */; };
/* End PBXBuildFile section */

/* Begin PBXContainerItemProxy section */
		0FE02BDD28A1D94B0044C69B /* PBXContainerItemProxy */ = {
			isa = PBXContainerItemProxy;
			containerPortal = 0FE02BBE28A1D9490044C69B /* Project object */;
			proxyType = 1;
			remoteGlobalIDString = 0FE02BC528A1D9490044C69B;
			remoteInfo = MovieAPI;
		};
		0FE02BE728A1D94C0044C69B /* PBXContainerItemProxy */ = {
			isa = PBXContainerItemProxy;
			containerPortal = 0FE02BBE28A1D9490044C69B /* Project object */;
			proxyType = 1;
			remoteGlobalIDString = 0FE02BC528A1D9490044C69B;
			remoteInfo = MovieAPI;
		};
/* End PBXContainerItemProxy section */

/* Begin PBXFileReference section */
		0F3BD63628A5075200644EA2 /* PopularViewController.swift */ = {isa = PBXFileReference; lastKnownFileType = sourcecode.swift; path = PopularViewController.swift; sourceTree = "<group>"; };
		0F969C6C28A5DAD400F4589A /* FilmInfoViewController.swift */ = {isa = PBXFileReference; lastKnownFileType = sourcecode.swift; path = FilmInfoViewController.swift; sourceTree = "<group>"; };
		0FADA75328A1EA9000AA2544 /* PopularCollectionViewCell.swift */ = {isa = PBXFileReference; lastKnownFileType = sourcecode.swift; path = PopularCollectionViewCell.swift; sourceTree = "<group>"; };
		0FADA75528A1F37100AA2544 /* TopRatedCollectionViewCell.swift */ = {isa = PBXFileReference; lastKnownFileType = sourcecode.swift; path = TopRatedCollectionViewCell.swift; sourceTree = "<group>"; };
		0FADA75728A1F4C300AA2544 /* UpcomingCollectionViewCell.swift */ = {isa = PBXFileReference; lastKnownFileType = sourcecode.swift; path = UpcomingCollectionViewCell.swift; sourceTree = "<group>"; };
		0FADA75928A24E0E00AA2544 /* ListMovieLoader.swift */ = {isa = PBXFileReference; lastKnownFileType = sourcecode.swift; path = ListMovieLoader.swift; sourceTree = "<group>"; };
		0FADA75B28A24E5100AA2544 /* PopularListMovieLoader.swift */ = {isa = PBXFileReference; lastKnownFileType = sourcecode.swift; path = PopularListMovieLoader.swift; sourceTree = "<group>"; };
		0FB9258928AF17CB00B24A11 /* FilmInfoCell.swift */ = {isa = PBXFileReference; lastKnownFileType = sourcecode.swift; path = FilmInfoCell.swift; sourceTree = "<group>"; };
		0FB9258B28AF24D300B24A11 /* InfoLoad.swift */ = {isa = PBXFileReference; lastKnownFileType = sourcecode.swift; path = InfoLoad.swift; sourceTree = "<group>"; };
		0FE02BC628A1D9490044C69B /* MovieAPI.app */ = {isa = PBXFileReference; explicitFileType = wrapper.application; includeInIndex = 0; path = MovieAPI.app; sourceTree = BUILT_PRODUCTS_DIR; };
		0FE02BC928A1D9490044C69B /* AppDelegate.swift */ = {isa = PBXFileReference; lastKnownFileType = sourcecode.swift; path = AppDelegate.swift; sourceTree = "<group>"; };
		0FE02BCD28A1D9490044C69B /* ViewController.swift */ = {isa = PBXFileReference; lastKnownFileType = sourcecode.swift; path = ViewController.swift; sourceTree = "<group>"; };
		0FE02BD228A1D94B0044C69B /* Assets.xcassets */ = {isa = PBXFileReference; lastKnownFileType = folder.assetcatalog; path = Assets.xcassets; sourceTree = "<group>"; };
		0FE02BD528A1D94B0044C69B /* Base */ = {isa = PBXFileReference; lastKnownFileType = file.storyboard; name = Base; path = Base.lproj/LaunchScreen.storyboard; sourceTree = "<group>"; };
		0FE02BD728A1D94B0044C69B /* Info.plist */ = {isa = PBXFileReference; lastKnownFileType = text.plist.xml; path = Info.plist; sourceTree = "<group>"; };
		0FE02BDC28A1D94B0044C69B /* MovieAPITests.xctest */ = {isa = PBXFileReference; explicitFileType = wrapper.cfbundle; includeInIndex = 0; path = MovieAPITests.xctest; sourceTree = BUILT_PRODUCTS_DIR; };
		0FE02BE028A1D94B0044C69B /* MovieAPITests.swift */ = {isa = PBXFileReference; lastKnownFileType = sourcecode.swift; path = MovieAPITests.swift; sourceTree = "<group>"; };
		0FE02BE628A1D94C0044C69B /* MovieAPIUITests.xctest */ = {isa = PBXFileReference; explicitFileType = wrapper.cfbundle; includeInIndex = 0; path = MovieAPIUITests.xctest; sourceTree = BUILT_PRODUCTS_DIR; };
		0FE02BEA28A1D94C0044C69B /* MovieAPIUITests.swift */ = {isa = PBXFileReference; lastKnownFileType = sourcecode.swift; path = MovieAPIUITests.swift; sourceTree = "<group>"; };
		0FE02BEC28A1D94C0044C69B /* MovieAPIUITestsLaunchTests.swift */ = {isa = PBXFileReference; lastKnownFileType = sourcecode.swift; path = MovieAPIUITestsLaunchTests.swift; sourceTree = "<group>"; };
		0FE02BFC28A1DD330044C69B /* TopRatedViewController.swift */ = {isa = PBXFileReference; lastKnownFileType = sourcecode.swift; path = TopRatedViewController.swift; sourceTree = "<group>"; };
		0FE02BFE28A1DD5D0044C69B /* UpcomingViewController.swift */ = {isa = PBXFileReference; lastKnownFileType = sourcecode.swift; path = UpcomingViewController.swift; sourceTree = "<group>"; };
		0FE02C0028A1DD8A0044C69B /* HomeViewController.swift */ = {isa = PBXFileReference; lastKnownFileType = sourcecode.swift; path = HomeViewController.swift; sourceTree = "<group>"; };
		0FE02C0228A1DDB10044C69B /* ProfileViewController.swift */ = {isa = PBXFileReference; lastKnownFileType = sourcecode.swift; path = ProfileViewController.swift; sourceTree = "<group>"; };
/* End PBXFileReference section */

/* Begin PBXFrameworksBuildPhase section */
		0FE02BC328A1D9490044C69B /* Frameworks */ = {
			isa = PBXFrameworksBuildPhase;
			buildActionMask = 2147483647;
			files = (
			);
			runOnlyForDeploymentPostprocessing = 0;
		};
		0FE02BD928A1D94B0044C69B /* Frameworks */ = {
			isa = PBXFrameworksBuildPhase;
			buildActionMask = 2147483647;
			files = (
			);
			runOnlyForDeploymentPostprocessing = 0;
		};
		0FE02BE328A1D94C0044C69B /* Frameworks */ = {
			isa = PBXFrameworksBuildPhase;
			buildActionMask = 2147483647;
			files = (
			);
			runOnlyForDeploymentPostprocessing = 0;
		};
/* End PBXFrameworksBuildPhase section */

/* Begin PBXGroup section */
		0FADA75228A1EA7100AA2544 /* CollectionViewCell */ = {
			isa = PBXGroup;
			children = (
				0FADA75328A1EA9000AA2544 /* PopularCollectionViewCell.swift */,
				0FADA75528A1F37100AA2544 /* TopRatedCollectionViewCell.swift */,
				0FADA75728A1F4C300AA2544 /* UpcomingCollectionViewCell.swift */,
				0FB9258928AF17CB00B24A11 /* FilmInfoCell.swift */,
			);
			path = CollectionViewCell;
			sourceTree = "<group>";
		};
		0FADA75D28A2765500AA2544 /* MovieLoader */ = {
			isa = PBXGroup;
			children = (
				0FADA75928A24E0E00AA2544 /* ListMovieLoader.swift */,
				0FADA75B28A24E5100AA2544 /* PopularListMovieLoader.swift */,
				0FB9258B28AF24D300B24A11 /* InfoLoad.swift */,
			);
			path = MovieLoader;
			sourceTree = "<group>";
		};
		0FE02BBD28A1D9490044C69B = {
			isa = PBXGroup;
			children = (
				0FE02BC828A1D9490044C69B /* MovieAPI */,
				0FE02BDF28A1D94B0044C69B /* MovieAPITests */,
				0FE02BE928A1D94C0044C69B /* MovieAPIUITests */,
				0FE02BC728A1D9490044C69B /* Products */,
			);
			sourceTree = "<group>";
		};
		0FE02BC728A1D9490044C69B /* Products */ = {
			isa = PBXGroup;
			children = (
				0FE02BC628A1D9490044C69B /* MovieAPI.app */,
				0FE02BDC28A1D94B0044C69B /* MovieAPITests.xctest */,
				0FE02BE628A1D94C0044C69B /* MovieAPIUITests.xctest */,
			);
			name = Products;
			sourceTree = "<group>";
		};
		0FE02BC828A1D9490044C69B /* MovieAPI */ = {
			isa = PBXGroup;
			children = (
				0FADA75228A1EA7100AA2544 /* CollectionViewCell */,
				0FADA75D28A2765500AA2544 /* MovieLoader */,
				0FE02BF928A1DCDC0044C69B /* ViewController */,
				0FE02BC928A1D9490044C69B /* AppDelegate.swift */,
				0FE02BD228A1D94B0044C69B /* Assets.xcassets */,
				0FE02BD428A1D94B0044C69B /* LaunchScreen.storyboard */,
				0FE02BD728A1D94B0044C69B /* Info.plist */,
			);
			path = MovieAPI;
			sourceTree = "<group>";
		};
		0FE02BDF28A1D94B0044C69B /* MovieAPITests */ = {
			isa = PBXGroup;
			children = (
				0FE02BE028A1D94B0044C69B /* MovieAPITests.swift */,
			);
			path = MovieAPITests;
			sourceTree = "<group>";
		};
		0FE02BE928A1D94C0044C69B /* MovieAPIUITests */ = {
			isa = PBXGroup;
			children = (
				0FE02BEA28A1D94C0044C69B /* MovieAPIUITests.swift */,
				0FE02BEC28A1D94C0044C69B /* MovieAPIUITestsLaunchTests.swift */,
			);
			path = MovieAPIUITests;
			sourceTree = "<group>";
		};
		0FE02BF928A1DCDC0044C69B /* ViewController */ = {
			isa = PBXGroup;
			children = (
				0FE02BFC28A1DD330044C69B /* TopRatedViewController.swift */,
				0FE02BFE28A1DD5D0044C69B /* UpcomingViewController.swift */,
				0FE02C0028A1DD8A0044C69B /* HomeViewController.swift */,
				0FE02C0228A1DDB10044C69B /* ProfileViewController.swift */,
				0FE02BCD28A1D9490044C69B /* ViewController.swift */,
				0F3BD63628A5075200644EA2 /* PopularViewController.swift */,
				0F969C6C28A5DAD400F4589A /* FilmInfoViewController.swift */,
			);
			path = ViewController;
			sourceTree = "<group>";
		};
/* End PBXGroup section */

/* Begin PBXNativeTarget section */
		0FE02BC528A1D9490044C69B /* MovieAPI */ = {
			isa = PBXNativeTarget;
			buildConfigurationList = 0FE02BF028A1D94C0044C69B /* Build configuration list for PBXNativeTarget "MovieAPI" */;
			buildPhases = (
				0FE02BC228A1D9490044C69B /* Sources */,
				0FE02BC328A1D9490044C69B /* Frameworks */,
				0FE02BC428A1D9490044C69B /* Resources */,
			);
			buildRules = (
			);
			dependencies = (
			);
			name = MovieAPI;
			productName = MovieAPI;
			productReference = 0FE02BC628A1D9490044C69B /* MovieAPI.app */;
			productType = "com.apple.product-type.application";
		};
		0FE02BDB28A1D94B0044C69B /* MovieAPITests */ = {
			isa = PBXNativeTarget;
			buildConfigurationList = 0FE02BF328A1D94C0044C69B /* Build configuration list for PBXNativeTarget "MovieAPITests" */;
			buildPhases = (
				0FE02BD828A1D94B0044C69B /* Sources */,
				0FE02BD928A1D94B0044C69B /* Frameworks */,
				0FE02BDA28A1D94B0044C69B /* Resources */,
			);
			buildRules = (
			);
			dependencies = (
				0FE02BDE28A1D94B0044C69B /* PBXTargetDependency */,
			);
			name = MovieAPITests;
			productName = MovieAPITests;
			productReference = 0FE02BDC28A1D94B0044C69B /* MovieAPITests.xctest */;
			productType = "com.apple.product-type.bundle.unit-test";
		};
		0FE02BE528A1D94C0044C69B /* MovieAPIUITests */ = {
			isa = PBXNativeTarget;
			buildConfigurationList = 0FE02BF628A1D94C0044C69B /* Build configuration list for PBXNativeTarget "MovieAPIUITests" */;
			buildPhases = (
				0FE02BE228A1D94C0044C69B /* Sources */,
				0FE02BE328A1D94C0044C69B /* Frameworks */,
				0FE02BE428A1D94C0044C69B /* Resources */,
			);
			buildRules = (
			);
			dependencies = (
				0FE02BE828A1D94C0044C69B /* PBXTargetDependency */,
			);
			name = MovieAPIUITests;
			productName = MovieAPIUITests;
			productReference = 0FE02BE628A1D94C0044C69B /* MovieAPIUITests.xctest */;
			productType = "com.apple.product-type.bundle.ui-testing";
		};
/* End PBXNativeTarget section */

/* Begin PBXProject section */
		0FE02BBE28A1D9490044C69B /* Project object */ = {
			isa = PBXProject;
			attributes = {
				BuildIndependentTargetsInParallel = 1;
				LastSwiftUpdateCheck = 1340;
				LastUpgradeCheck = 1340;
				TargetAttributes = {
					0FE02BC528A1D9490044C69B = {
						CreatedOnToolsVersion = 13.4.1;
					};
					0FE02BDB28A1D94B0044C69B = {
						CreatedOnToolsVersion = 13.4.1;
						TestTargetID = 0FE02BC528A1D9490044C69B;
					};
					0FE02BE528A1D94C0044C69B = {
						CreatedOnToolsVersion = 13.4.1;
						TestTargetID = 0FE02BC528A1D9490044C69B;
					};
				};
			};
			buildConfigurationList = 0FE02BC128A1D9490044C69B /* Build configuration list for PBXProject "MovieAPI" */;
			compatibilityVersion = "Xcode 13.0";
			developmentRegion = en;
			hasScannedForEncodings = 0;
			knownRegions = (
				en,
				Base,
			);
			mainGroup = 0FE02BBD28A1D9490044C69B;
			productRefGroup = 0FE02BC728A1D9490044C69B /* Products */;
			projectDirPath = "";
			projectRoot = "";
			targets = (
				0FE02BC528A1D9490044C69B /* MovieAPI */,
				0FE02BDB28A1D94B0044C69B /* MovieAPITests */,
				0FE02BE528A1D94C0044C69B /* MovieAPIUITests */,
			);
		};
/* End PBXProject section */

/* Begin PBXResourcesBuildPhase section */
		0FE02BC428A1D9490044C69B /* Resources */ = {
			isa = PBXResourcesBuildPhase;
			buildActionMask = 2147483647;
			files = (
				0FE02BD628A1D94B0044C69B /* LaunchScreen.storyboard in Resources */,
				0FE02BD328A1D94B0044C69B /* Assets.xcassets in Resources */,
			);
			runOnlyForDeploymentPostprocessing = 0;
		};
		0FE02BDA28A1D94B0044C69B /* Resources */ = {
			isa = PBXResourcesBuildPhase;
			buildActionMask = 2147483647;
			files = (
			);
			runOnlyForDeploymentPostprocessing = 0;
		};
		0FE02BE428A1D94C0044C69B /* Resources */ = {
			isa = PBXResourcesBuildPhase;
			buildActionMask = 2147483647;
			files = (
			);
			runOnlyForDeploymentPostprocessing = 0;
		};
/* End PBXResourcesBuildPhase section */

/* Begin PBXSourcesBuildPhase section */
		0FE02BC228A1D9490044C69B /* Sources */ = {
			isa = PBXSourcesBuildPhase;
			buildActionMask = 2147483647;
			files = (
				0F3BD63728A5075200644EA2 /* PopularViewController.swift in Sources */,
				0FE02BFF28A1DD5D0044C69B /* UpcomingViewController.swift in Sources */,
				0FADA75828A1F4C300AA2544 /* UpcomingCollectionViewCell.swift in Sources */,
				0FE02BCE28A1D9490044C69B /* ViewController.swift in Sources */,
				0FADA75A28A24E0E00AA2544 /* ListMovieLoader.swift in Sources */,
				0FE02BCA28A1D9490044C69B /* AppDelegate.swift in Sources */,
				0FADA75C28A24E5100AA2544 /* PopularListMovieLoader.swift in Sources */,
				0FE02C0128A1DD8A0044C69B /* HomeViewController.swift in Sources */,
				0FADA75428A1EA9000AA2544 /* PopularCollectionViewCell.swift in Sources */,
				0FE02C0328A1DDB10044C69B /* ProfileViewController.swift in Sources */,
				0FB9258C28AF24D300B24A11 /* InfoLoad.swift in Sources */,
				0FADA75628A1F37100AA2544 /* TopRatedCollectionViewCell.swift in Sources */,
				0F969C6D28A5DAD400F4589A /* FilmInfoViewController.swift in Sources */,
				0FE02BFD28A1DD330044C69B /* TopRatedViewController.swift in Sources */,
				0FB9258A28AF17CB00B24A11 /* FilmInfoCell.swift in Sources */,
			);
			runOnlyForDeploymentPostprocessing = 0;
		};
		0FE02BD828A1D94B0044C69B /* Sources */ = {
			isa = PBXSourcesBuildPhase;
			buildActionMask = 2147483647;
			files = (
				0FE02BE128A1D94B0044C69B /* MovieAPITests.swift in Sources */,
			);
			runOnlyForDeploymentPostprocessing = 0;
		};
		0FE02BE228A1D94C0044C69B /* Sources */ = {
			isa = PBXSourcesBuildPhase;
			buildActionMask = 2147483647;
			files = (
				0FE02BED28A1D94C0044C69B /* MovieAPIUITestsLaunchTests.swift in Sources */,
				0FE02BEB28A1D94C0044C69B /* MovieAPIUITests.swift in Sources */,
			);
			runOnlyForDeploymentPostprocessing = 0;
		};
/* End PBXSourcesBuildPhase section */

/* Begin PBXTargetDependency section */
		0FE02BDE28A1D94B0044C69B /* PBXTargetDependency */ = {
			isa = PBXTargetDependency;
			target = 0FE02BC528A1D9490044C69B /* MovieAPI */;
			targetProxy = 0FE02BDD28A1D94B0044C69B /* PBXContainerItemProxy */;
		};
		0FE02BE828A1D94C0044C69B /* PBXTargetDependency */ = {
			isa = PBXTargetDependency;
			target = 0FE02BC528A1D9490044C69B /* MovieAPI */;
			targetProxy = 0FE02BE728A1D94C0044C69B /* PBXContainerItemProxy */;
		};
/* End PBXTargetDependency section */

/* Begin PBXVariantGroup section */
		0FE02BD428A1D94B0044C69B /* LaunchScreen.storyboard */ = {
			isa = PBXVariantGroup;
			children = (
				0FE02BD528A1D94B0044C69B /* Base */,
			);
			name = LaunchScreen.storyboard;
			sourceTree = "<group>";
		};
/* End PBXVariantGroup section */

/* Begin XCBuildConfiguration section */
		0FE02BEE28A1D94C0044C69B /* Debug */ = {
			isa = XCBuildConfiguration;
			buildSettings = {
				ALWAYS_SEARCH_USER_PATHS = NO;
				CLANG_ANALYZER_NONNULL = YES;
				CLANG_ANALYZER_NUMBER_OBJECT_CONVERSION = YES_AGGRESSIVE;
				CLANG_CXX_LANGUAGE_STANDARD = "gnu++17";
				CLANG_ENABLE_MODULES = YES;
				CLANG_ENABLE_OBJC_ARC = YES;
				CLANG_ENABLE_OBJC_WEAK = YES;
				CLANG_WARN_BLOCK_CAPTURE_AUTORELEASING = YES;
				CLANG_WARN_BOOL_CONVERSION = YES;
				CLANG_WARN_COMMA = YES;
				CLANG_WARN_CONSTANT_CONVERSION = YES;
				CLANG_WARN_DEPRECATED_OBJC_IMPLEMENTATIONS = YES;
				CLANG_WARN_DIRECT_OBJC_ISA_USAGE = YES_ERROR;
				CLANG_WARN_DOCUMENTATION_COMMENTS = YES;
				CLANG_WARN_EMPTY_BODY = YES;
				CLANG_WARN_ENUM_CONVERSION = YES;
				CLANG_WARN_INFINITE_RECURSION = YES;
				CLANG_WARN_INT_CONVERSION = YES;
				CLANG_WARN_NON_LITERAL_NULL_CONVERSION = YES;
				CLANG_WARN_OBJC_IMPLICIT_RETAIN_SELF = YES;
				CLANG_WARN_OBJC_LITERAL_CONVERSION = YES;
				CLANG_WARN_OBJC_ROOT_CLASS = YES_ERROR;
				CLANG_WARN_QUOTED_INCLUDE_IN_FRAMEWORK_HEADER = YES;
				CLANG_WARN_RANGE_LOOP_ANALYSIS = YES;
				CLANG_WARN_STRICT_PROTOTYPES = YES;
				CLANG_WARN_SUSPICIOUS_MOVE = YES;
				CLANG_WARN_UNGUARDED_AVAILABILITY = YES_AGGRESSIVE;
				CLANG_WARN_UNREACHABLE_CODE = YES;
				CLANG_WARN__DUPLICATE_METHOD_MATCH = YES;
				COPY_PHASE_STRIP = NO;
				DEBUG_INFORMATION_FORMAT = dwarf;
				ENABLE_STRICT_OBJC_MSGSEND = YES;
				ENABLE_TESTABILITY = YES;
				GCC_C_LANGUAGE_STANDARD = gnu11;
				GCC_DYNAMIC_NO_PIC = NO;
				GCC_NO_COMMON_BLOCKS = YES;
				GCC_OPTIMIZATION_LEVEL = 0;
				GCC_PREPROCESSOR_DEFINITIONS = (
					"DEBUG=1",
					"$(inherited)",
				);
				GCC_WARN_64_TO_32_BIT_CONVERSION = YES;
				GCC_WARN_ABOUT_RETURN_TYPE = YES_ERROR;
				GCC_WARN_UNDECLARED_SELECTOR = YES;
				GCC_WARN_UNINITIALIZED_AUTOS = YES_AGGRESSIVE;
				GCC_WARN_UNUSED_FUNCTION = YES;
				GCC_WARN_UNUSED_VARIABLE = YES;
				IPHONEOS_DEPLOYMENT_TARGET = 15.5;
				MTL_ENABLE_DEBUG_INFO = INCLUDE_SOURCE;
				MTL_FAST_MATH = YES;
				ONLY_ACTIVE_ARCH = YES;
				SDKROOT = iphoneos;
				SWIFT_ACTIVE_COMPILATION_CONDITIONS = DEBUG;
				SWIFT_OPTIMIZATION_LEVEL = "-Onone";
			};
			name = Debug;
		};
		0FE02BEF28A1D94C0044C69B /* Release */ = {
			isa = XCBuildConfiguration;
			buildSettings = {
				ALWAYS_SEARCH_USER_PATHS = NO;
				CLANG_ANALYZER_NONNULL = YES;
				CLANG_ANALYZER_NUMBER_OBJECT_CONVERSION = YES_AGGRESSIVE;
				CLANG_CXX_LANGUAGE_STANDARD = "gnu++17";
				CLANG_ENABLE_MODULES = YES;
				CLANG_ENABLE_OBJC_ARC = YES;
				CLANG_ENABLE_OBJC_WEAK = YES;
				CLANG_WARN_BLOCK_CAPTURE_AUTORELEASING = YES;
				CLANG_WARN_BOOL_CONVERSION = YES;
				CLANG_WARN_COMMA = YES;
				CLANG_WARN_CONSTANT_CONVERSION = YES;
				CLANG_WARN_DEPRECATED_OBJC_IMPLEMENTATIONS = YES;
				CLANG_WARN_DIRECT_OBJC_ISA_USAGE = YES_ERROR;
				CLANG_WARN_DOCUMENTATION_COMMENTS = YES;
				CLANG_WARN_EMPTY_BODY = YES;
				CLANG_WARN_ENUM_CONVERSION = YES;
				CLANG_WARN_INFINITE_RECURSION = YES;
				CLANG_WARN_INT_CONVERSION = YES;
				CLANG_WARN_NON_LITERAL_NULL_CONVERSION = YES;
				CLANG_WARN_OBJC_IMPLICIT_RETAIN_SELF = YES;
				CLANG_WARN_OBJC_LITERAL_CONVERSION = YES;
				CLANG_WARN_OBJC_ROOT_CLASS = YES_ERROR;
				CLANG_WARN_QUOTED_INCLUDE_IN_FRAMEWORK_HEADER = YES;
				CLANG_WARN_RANGE_LOOP_ANALYSIS = YES;
				CLANG_WARN_STRICT_PROTOTYPES = YES;
				CLANG_WARN_SUSPICIOUS_MOVE = YES;
				CLANG_WARN_UNGUARDED_AVAILABILITY = YES_AGGRESSIVE;
				CLANG_WARN_UNREACHABLE_CODE = YES;
				CLANG_WARN__DUPLICATE_METHOD_MATCH = YES;
				COPY_PHASE_STRIP = NO;
				DEBUG_INFORMATION_FORMAT = "dwarf-with-dsym";
				ENABLE_NS_ASSERTIONS = NO;
				ENABLE_STRICT_OBJC_MSGSEND = YES;
				GCC_C_LANGUAGE_STANDARD = gnu11;
				GCC_NO_COMMON_BLOCKS = YES;
				GCC_WARN_64_TO_32_BIT_CONVERSION = YES;
				GCC_WARN_ABOUT_RETURN_TYPE = YES_ERROR;
				GCC_WARN_UNDECLARED_SELECTOR = YES;
				GCC_WARN_UNINITIALIZED_AUTOS = YES_AGGRESSIVE;
				GCC_WARN_UNUSED_FUNCTION = YES;
				GCC_WARN_UNUSED_VARIABLE = YES;
				IPHONEOS_DEPLOYMENT_TARGET = 15.5;
				MTL_ENABLE_DEBUG_INFO = NO;
				MTL_FAST_MATH = YES;
				SDKROOT = iphoneos;
				SWIFT_COMPILATION_MODE = wholemodule;
				SWIFT_OPTIMIZATION_LEVEL = "-O";
				VALIDATE_PRODUCT = YES;
			};
			name = Release;
		};
		0FE02BF128A1D94C0044C69B /* Debug */ = {
			isa = XCBuildConfiguration;
			buildSettings = {
				ASSETCATALOG_COMPILER_APPICON_NAME = AppIcon;
				ASSETCATALOG_COMPILER_GLOBAL_ACCENT_COLOR_NAME = AccentColor;
				CODE_SIGN_STYLE = Automatic;
				CURRENT_PROJECT_VERSION = 1;
				DEVELOPMENT_TEAM = 7395RDH3X4;
				GENERATE_INFOPLIST_FILE = YES;
				INFOPLIST_FILE = MovieAPI/Info.plist;
				INFOPLIST_KEY_UIApplicationSupportsIndirectInputEvents = YES;
				INFOPLIST_KEY_UILaunchStoryboardName = LaunchScreen;
				INFOPLIST_KEY_UISupportedInterfaceOrientations_iPad = "UIInterfaceOrientationPortrait UIInterfaceOrientationPortraitUpsideDown UIInterfaceOrientationLandscapeLeft UIInterfaceOrientationLandscapeRight";
				INFOPLIST_KEY_UISupportedInterfaceOrientations_iPhone = "UIInterfaceOrientationPortrait UIInterfaceOrientationLandscapeLeft UIInterfaceOrientationLandscapeRight";
				LD_RUNPATH_SEARCH_PATHS = (
					"$(inherited)",
					"@executable_path/Frameworks",
				);
				MARKETING_VERSION = 1.0;
				PRODUCT_BUNDLE_IDENTIFIER = uz.test.MovieAPI;
				PRODUCT_NAME = "$(TARGET_NAME)";
				SWIFT_EMIT_LOC_STRINGS = YES;
				SWIFT_VERSION = 5.0;
				TARGETED_DEVICE_FAMILY = "1,2";
			};
			name = Debug;
		};
		0FE02BF228A1D94C0044C69B /* Release */ = {
			isa = XCBuildConfiguration;
			buildSettings = {
				ASSETCATALOG_COMPILER_APPICON_NAME = AppIcon;
				ASSETCATALOG_COMPILER_GLOBAL_ACCENT_COLOR_NAME = AccentColor;
				CODE_SIGN_STYLE = Automatic;
				CURRENT_PROJECT_VERSION = 1;
				DEVELOPMENT_TEAM = 7395RDH3X4;
				GENERATE_INFOPLIST_FILE = YES;
				INFOPLIST_FILE = MovieAPI/Info.plist;
				INFOPLIST_KEY_UIApplicationSupportsIndirectInputEvents = YES;
				INFOPLIST_KEY_UILaunchStoryboardName = LaunchScreen;
				INFOPLIST_KEY_UISupportedInterfaceOrientations_iPad = "UIInterfaceOrientationPortrait UIInterfaceOrientationPortraitUpsideDown UIInterfaceOrientationLandscapeLeft UIInterfaceOrientationLandscapeRight";
				INFOPLIST_KEY_UISupportedInterfaceOrientations_iPhone = "UIInterfaceOrientationPortrait UIInterfaceOrientationLandscapeLeft UIInterfaceOrientationLandscapeRight";
				LD_RUNPATH_SEARCH_PATHS = (
					"$(inherited)",
					"@executable_path/Frameworks",
				);
				MARKETING_VERSION = 1.0;
				PRODUCT_BUNDLE_IDENTIFIER = uz.test.MovieAPI;
				PRODUCT_NAME = "$(TARGET_NAME)";
				SWIFT_EMIT_LOC_STRINGS = YES;
				SWIFT_VERSION = 5.0;
				TARGETED_DEVICE_FAMILY = "1,2";
			};
			name = Release;
		};
		0FE02BF428A1D94C0044C69B /* Debug */ = {
			isa = XCBuildConfiguration;
			buildSettings = {
				ALWAYS_EMBED_SWIFT_STANDARD_LIBRARIES = YES;
				BUNDLE_LOADER = "$(TEST_HOST)";
				CODE_SIGN_STYLE = Automatic;
				CURRENT_PROJECT_VERSION = 1;
				DEVELOPMENT_TEAM = 7395RDH3X4;
				GENERATE_INFOPLIST_FILE = YES;
				IPHONEOS_DEPLOYMENT_TARGET = 15.5;
				MARKETING_VERSION = 1.0;
				PRODUCT_BUNDLE_IDENTIFIER = uz.test.MovieAPITests;
				PRODUCT_NAME = "$(TARGET_NAME)";
				SWIFT_EMIT_LOC_STRINGS = NO;
				SWIFT_VERSION = 5.0;
				TARGETED_DEVICE_FAMILY = "1,2";
				TEST_HOST = "$(BUILT_PRODUCTS_DIR)/MovieAPI.app/MovieAPI";
			};
			name = Debug;
		};
		0FE02BF528A1D94C0044C69B /* Release */ = {
			isa = XCBuildConfiguration;
			buildSettings = {
				ALWAYS_EMBED_SWIFT_STANDARD_LIBRARIES = YES;
				BUNDLE_LOADER = "$(TEST_HOST)";
				CODE_SIGN_STYLE = Automatic;
				CURRENT_PROJECT_VERSION = 1;
				DEVELOPMENT_TEAM = 7395RDH3X4;
				GENERATE_INFOPLIST_FILE = YES;
				IPHONEOS_DEPLOYMENT_TARGET = 15.5;
				MARKETING_VERSION = 1.0;
				PRODUCT_BUNDLE_IDENTIFIER = uz.test.MovieAPITests;
				PRODUCT_NAME = "$(TARGET_NAME)";
				SWIFT_EMIT_LOC_STRINGS = NO;
				SWIFT_VERSION = 5.0;
				TARGETED_DEVICE_FAMILY = "1,2";
				TEST_HOST = "$(BUILT_PRODUCTS_DIR)/MovieAPI.app/MovieAPI";
			};
			name = Release;
		};
		0FE02BF728A1D94C0044C69B /* Debug */ = {
			isa = XCBuildConfiguration;
			buildSettings = {
				ALWAYS_EMBED_SWIFT_STANDARD_LIBRARIES = YES;
				CODE_SIGN_STYLE = Automatic;
				CURRENT_PROJECT_VERSION = 1;
				DEVELOPMENT_TEAM = 7395RDH3X4;
				GENERATE_INFOPLIST_FILE = YES;
				MARKETING_VERSION = 1.0;
				PRODUCT_BUNDLE_IDENTIFIER = uz.test.MovieAPIUITests;
				PRODUCT_NAME = "$(TARGET_NAME)";
				SWIFT_EMIT_LOC_STRINGS = NO;
				SWIFT_VERSION = 5.0;
				TARGETED_DEVICE_FAMILY = "1,2";
				TEST_TARGET_NAME = MovieAPI;
			};
			name = Debug;
		};
		0FE02BF828A1D94C0044C69B /* Release */ = {
			isa = XCBuildConfiguration;
			buildSettings = {
				ALWAYS_EMBED_SWIFT_STANDARD_LIBRARIES = YES;
				CODE_SIGN_STYLE = Automatic;
				CURRENT_PROJECT_VERSION = 1;
				DEVELOPMENT_TEAM = 7395RDH3X4;
				GENERATE_INFOPLIST_FILE = YES;
				MARKETING_VERSION = 1.0;
				PRODUCT_BUNDLE_IDENTIFIER = uz.test.MovieAPIUITests;
				PRODUCT_NAME = "$(TARGET_NAME)";
				SWIFT_EMIT_LOC_STRINGS = NO;
				SWIFT_VERSION = 5.0;
				TARGETED_DEVICE_FAMILY = "1,2";
				TEST_TARGET_NAME = MovieAPI;
			};
			name = Release;
		};
/* End XCBuildConfiguration section */

/* Begin XCConfigurationList section */
		0FE02BC128A1D9490044C69B /* Build configuration list for PBXProject "MovieAPI" */ = {
			isa = XCConfigurationList;
			buildConfigurations = (
				0FE02BEE28A1D94C0044C69B /* Debug */,
				0FE02BEF28A1D94C0044C69B /* Release */,
			);
			defaultConfigurationIsVisible = 0;
			defaultConfigurationName = Release;
		};
		0FE02BF028A1D94C0044C69B /* Build configuration list for PBXNativeTarget "MovieAPI" */ = {
			isa = XCConfigurationList;
			buildConfigurations = (
				0FE02BF128A1D94C0044C69B /* Debug */,
				0FE02BF228A1D94C0044C69B /* Release */,
			);
			defaultConfigurationIsVisible = 0;
			defaultConfigurationName = Release;
		};
		0FE02BF328A1D94C0044C69B /* Build configuration list for PBXNativeTarget "MovieAPITests" */ = {
			isa = XCConfigurationList;
			buildConfigurations = (
				0FE02BF428A1D94C0044C69B /* Debug */,
				0FE02BF528A1D94C0044C69B /* Release */,
			);
			defaultConfigurationIsVisible = 0;
			defaultConfigurationName = Release;
		};
		0FE02BF628A1D94C0044C69B /* Build configuration list for PBXNativeTarget "MovieAPIUITests" */ = {
			isa = XCConfigurationList;
			buildConfigurations = (
				0FE02BF728A1D94C0044C69B /* Debug */,
				0FE02BF828A1D94C0044C69B /* Release */,
			);
			defaultConfigurationIsVisible = 0;
			defaultConfigurationName = Release;
		};
/* End XCConfigurationList section */
	};
	rootObject = 0FE02BBE28A1D9490044C69B /* Project object */;
}
